
Microsoft Visual Studio Solution File, Format Version 12.00
# Visual Studio Version 16
VisualStudioVersion = 16.0.31729.503
MinimumVisualStudioVersion = 10.0.40219.1
Project("{FAE04EC0-301F-11D3-BF4B-00C04F79EFBC}") = "WebAPI_EShop", "WebAPI_EShop\WebAPI_EShop.csproj", "{D3C08732-E5D0-4A58-9353-DAA3D8A7F65D}"
EndProject
Project("{FAE04EC0-301F-11D3-BF4B-00C04F79EFBC}") = "ASPNETMVC-Eshop", "ASPNETMVC-Eshop\ASPNETMVC-Eshop.csproj", "{91B5C65D-C6FA-42F5-87A3-B977C92D1711}"
EndProject
Global
	GlobalSection(SolutionConfigurationPlatforms) = preSolution
		Debug|Any CPU = Debug|Any CPU
		Release|Any CPU = Release|Any CPU
	EndGlobalSection
	GlobalSection(ProjectConfigurationPlatforms) = postSolution
		{D3C08732-E5D0-4A58-9353-DAA3D8A7F65D}.Debug|Any CPU.ActiveCfg = Debug|Any CPU
		{D3C08732-E5D0-4A58-9353-DAA3D8A7F65D}.Debug|Any CPU.Build.0 = Debug|Any CPU
		{D3C08732-E5D0-4A58-9353-DAA3D8A7F65D}.Release|Any CPU.ActiveCfg = Release|Any CPU
		{D3C08732-E5D0-4A58-9353-DAA3D8A7F65D}.Release|Any CPU.Build.0 = Release|Any CPU
		{91B5C65D-C6FA-42F5-87A3-B977C92D1711}.Debug|Any CPU.ActiveCfg = Debug|Any CPU
		{91B5C65D-C6FA-42F5-87A3-B977C92D1711}.Debug|Any CPU.Build.0 = Debug|Any CPU
		{91B5C65D-C6FA-42F5-87A3-B977C92D1711}.Release|Any CPU.ActiveCfg = Release|Any CPU
		{91B5C65D-C6FA-42F5-87A3-B977C92D1711}.Release|Any CPU.Build.0 = Release|Any CPU
	EndGlobalSection
	GlobalSection(SolutionProperties) = preSolution
		HideSolutionNode = FALSE
	EndGlobalSection
	GlobalSection(ExtensibilityGlobals) = postSolution
		SolutionGuid = {8043D104-022A-464F-909A-EABD17B88210}
	EndGlobalSection
EndGlobal
